<?xml version="1.0" encoding="utf-8"?>
<Project ToolsVersion="17.0" xmlns="http://schemas.microsoft.com/developer/msbuild/2003">
  <ItemGroup>
    <ClCompile Include="C:\Users\Svt\Desktop\landscape\land\glfw\tests\inputlag.c">
      <Filter>Source Files</Filter>
    </ClCompile>
    <ClCompile Include="C:\Users\Svt\Desktop\landscape\land\glfw\deps\getopt.c">
      <Filter>Source Files</Filter>
    </ClCompile>
    <ClCompile Include="C:\Users\Svt\Desktop\landscape\land\glfw\deps\glad_gl.c">
      <Filter>Source Files</Filter>
    </ClCompile>
  </ItemGroup>
  <ItemGroup>
    <ClInclude Include="C:\Users\Svt\Desktop\landscape\land\glfw\deps\getopt.h">
      <Filter>Header Files</Filter>
    </ClInclude>
    <ClInclude Include="C:\Users\Svt\Desktop\landscape\land\glfw\deps\glad\gl.h">
      <Filter>Header Files</Filter>
    </ClInclude>
  </ItemGroup>
  <ItemGroup>
    <CustomBuild Include="C:\Users\Svt\Desktop\landscape\land\glfw\tests\CMakeLists.txt" />
  </ItemGroup>
  <ItemGroup>
    <Filter Include="Header Files">
      <UniqueIdentifier>{8DCF02BA-52FD-3833-A244-90C79D2F973F}</UniqueIdentifier>
    </Filter>
    <Filter Include="Source Files">
      <UniqueIdentifier>{31F90BCA-3FCC-339A-9E43-DD5C70CDCB94}</UniqueIdentifier>
    </Filter>
  </ItemGroup>
</Project>
