<?xml version="1.0" encoding="utf-8"?>
<Project ToolsVersion="17.0" xmlns="http://schemas.microsoft.com/developer/msbuild/2003">
  <ItemGroup>
    <CustomBuild Include="C:\Users\Svt\Desktop\landscape\land\CMakeFiles\c9ed997f7e53a8db9e120262ab752cea\INSTALL_force.rule">
      <Filter>CMake Rules</Filter>
    </CustomBuild>
  </ItemGroup>
  <ItemGroup>
    <Filter Include="CMake Rules">
      <UniqueIdentifier>{17831D77-1415-35D9-B7B4-19E98D50F847}</UniqueIdentifier>
    </Filter>
  </ItemGroup>
</Project>
