
Microsoft Visual Studio Solution File, Format Version 12.00
# Visual Studio Version 17
Project("{2150E333-8FDC-42A3-9474-1A3956D46DE8}") = "CMakePredefinedTargets", "CMakePredefinedTargets", "{13AB22D0-10BD-31DF-8641-5A3CF590E073}"
EndProject
Project("{2150E333-8FDC-42A3-9474-1A3956D46DE8}") = "GLFW3", "GLFW3", "{F0151B2D-070C-355C-A294-AFE8F3EF00D1}"
EndProject
Project("{2150E333-8FDC-42A3-9474-1A3956D46DE8}") = "Tests", "GLFW3\Tests", "{D2086B8C-2F9E-3EA2-8ABE-DAF1127D0DC6}"
EndProject
Project("{8BC9CEB8-8B4A-11D0-8D11-00A0C91BC942}") = "ALL_BUILD", "ALL_BUILD.vcxproj", "{1B005B38-87B5-316B-99E1-ABC81C819149}"
	ProjectSection(ProjectDependencies) = postProject
		{5796AF23-FCE8-3D7F-8695-3408C837B5F0} = {5796AF23-FCE8-3D7F-8695-3408C837B5F0}
		{8A09554A-4D30-34E6-BFEF-EAA8C5A2C123} = {8A09554A-4D30-34E6-BFEF-EAA8C5A2C123}
		{0F3769E4-9267-3648-9CBD-B0503C4CBBB3} = {0F3769E4-9267-3648-9CBD-B0503C4CBBB3}
		{2201C1CA-60E1-37DE-B181-A522806FC784} = {2201C1CA-60E1-37DE-B181-A522806FC784}
		{EBA1EFB3-AB7E-36E1-8520-4DF0C7B12980} = {EBA1EFB3-AB7E-36E1-8520-4DF0C7B12980}
		{3761C85E-0908-30DD-83AF-BEF22679A106} = {3761C85E-0908-30DD-83AF-BEF22679A106}
		{C434C269-D8AD-3561-A3A7-AC8E168D122E} = {C434C269-D8AD-3561-A3A7-AC8E168D122E}
		{F7B53E3D-9545-3AEA-9142-931CC0624BBD} = {F7B53E3D-9545-3AEA-9142-931CC0624BBD}
		{F5C2D66D-3AA8-3EA4-A7B3-A6FD42A7A297} = {F5C2D66D-3AA8-3EA4-A7B3-A6FD42A7A297}
		{E62A98FC-9C10-3800-A55A-58513251B1B3} = {E62A98FC-9C10-3800-A55A-58513251B1B3}
		{9C6733AF-5913-3A33-BCCE-809A34BA0A91} = {9C6733AF-5913-3A33-BCCE-809A34BA0A91}
		{48B62D05-C01C-3679-A44B-6A8176680710} = {48B62D05-C01C-3679-A44B-6A8176680710}
		{B882EF2F-A553-3D33-B0BA-89FA2B372F0C} = {B882EF2F-A553-3D33-B0BA-89FA2B372F0C}
		{305F15D0-F8FD-37BB-B02D-883476A5DA9C} = {305F15D0-F8FD-37BB-B02D-883476A5DA9C}
		{9942EDFC-9554-33BD-8096-FD81E21A367E} = {9942EDFC-9554-33BD-8096-FD81E21A367E}
		{72DA4113-BEA0-3E79-9AC4-66A6DE76431E} = {72DA4113-BEA0-3E79-9AC4-66A6DE76431E}
		{D1B0DFA7-D3F8-35B3-890F-014681D0027B} = {D1B0DFA7-D3F8-35B3-890F-014681D0027B}
		{E9B062C6-CF9C-371B-918C-FA7B8D91DEB7} = {E9B062C6-CF9C-371B-918C-FA7B8D91DEB7}
		{E29B9600-02DE-3A28-B4DB-7776D2E507F2} = {E29B9600-02DE-3A28-B4DB-7776D2E507F2}
		{265EA4E0-0BA0-3161-8973-2F7F910A9802} = {265EA4E0-0BA0-3161-8973-2F7F910A9802}
		{5305C9E4-4911-3188-8691-462688199E34} = {5305C9E4-4911-3188-8691-462688199E34}
		{BDA20AC4-A821-3EAC-B025-B436D4CA3368} = {BDA20AC4-A821-3EAC-B025-B436D4CA3368}
		{19837627-F6F0-3050-ACF9-EC3F623C1837} = {19837627-F6F0-3050-ACF9-EC3F623C1837}
	EndProjectSection
EndProject
Project("{8BC9CEB8-8B4A-11D0-8D11-00A0C91BC942}") = "INSTALL", "INSTALL.vcxproj", "{5BB04768-AAA9-3C53-B684-17057EF17DEC}"
	ProjectSection(ProjectDependencies) = postProject
		{1B005B38-87B5-316B-99E1-ABC81C819149} = {1B005B38-87B5-316B-99E1-ABC81C819149}
		{5796AF23-FCE8-3D7F-8695-3408C837B5F0} = {5796AF23-FCE8-3D7F-8695-3408C837B5F0}
	EndProjectSection
EndProject
Project("{8BC9CEB8-8B4A-11D0-8D11-00A0C91BC942}") = "ZERO_CHECK", "..\\ZERO_CHECK.vcxproj", "{5796AF23-FCE8-3D7F-8695-3408C837B5F0}"
	ProjectSection(ProjectDependencies) = postProject
	EndProjectSection
EndProject
Project("{8BC9CEB8-8B4A-11D0-8D11-00A0C91BC942}") = "clipboard", "tests\clipboard.vcxproj", "{8A09554A-4D30-34E6-BFEF-EAA8C5A2C123}"
	ProjectSection(ProjectDependencies) = postProject
		{5796AF23-FCE8-3D7F-8695-3408C837B5F0} = {5796AF23-FCE8-3D7F-8695-3408C837B5F0}
		{F7B53E3D-9545-3AEA-9142-931CC0624BBD} = {F7B53E3D-9545-3AEA-9142-931CC0624BBD}
	EndProjectSection
EndProject
Project("{8BC9CEB8-8B4A-11D0-8D11-00A0C91BC942}") = "cursor", "tests\cursor.vcxproj", "{0F3769E4-9267-3648-9CBD-B0503C4CBBB3}"
	ProjectSection(ProjectDependencies) = postProject
		{5796AF23-FCE8-3D7F-8695-3408C837B5F0} = {5796AF23-FCE8-3D7F-8695-3408C837B5F0}
		{F7B53E3D-9545-3AEA-9142-931CC0624BBD} = {F7B53E3D-9545-3AEA-9142-931CC0624BBD}
	EndProjectSection
EndProject
Project("{8BC9CEB8-8B4A-11D0-8D11-00A0C91BC942}") = "docs", "docs\docs.vcxproj", "{2201C1CA-60E1-37DE-B181-A522806FC784}"
	ProjectSection(ProjectDependencies) = postProject
		{5796AF23-FCE8-3D7F-8695-3408C837B5F0} = {5796AF23-FCE8-3D7F-8695-3408C837B5F0}
	EndProjectSection
EndProject
Project("{8BC9CEB8-8B4A-11D0-8D11-00A0C91BC942}") = "empty", "tests\empty.vcxproj", "{EBA1EFB3-AB7E-36E1-8520-4DF0C7B12980}"
	ProjectSection(ProjectDependencies) = postProject
		{5796AF23-FCE8-3D7F-8695-3408C837B5F0} = {5796AF23-FCE8-3D7F-8695-3408C837B5F0}
		{F7B53E3D-9545-3AEA-9142-931CC0624BBD} = {F7B53E3D-9545-3AEA-9142-931CC0624BBD}
	EndProjectSection
EndProject
Project("{8BC9CEB8-8B4A-11D0-8D11-00A0C91BC942}") = "events", "tests\events.vcxproj", "{3761C85E-0908-30DD-83AF-BEF22679A106}"
	ProjectSection(ProjectDependencies) = postProject
		{5796AF23-FCE8-3D7F-8695-3408C837B5F0} = {5796AF23-FCE8-3D7F-8695-3408C837B5F0}
		{F7B53E3D-9545-3AEA-9142-931CC0624BBD} = {F7B53E3D-9545-3AEA-9142-931CC0624BBD}
	EndProjectSection
EndProject
Project("{8BC9CEB8-8B4A-11D0-8D11-00A0C91BC942}") = "gamma", "tests\gamma.vcxproj", "{C434C269-D8AD-3561-A3A7-AC8E168D122E}"
	ProjectSection(ProjectDependencies) = postProject
		{5796AF23-FCE8-3D7F-8695-3408C837B5F0} = {5796AF23-FCE8-3D7F-8695-3408C837B5F0}
		{F7B53E3D-9545-3AEA-9142-931CC0624BBD} = {F7B53E3D-9545-3AEA-9142-931CC0624BBD}
	EndProjectSection
EndProject
Project("{8BC9CEB8-8B4A-11D0-8D11-00A0C91BC942}") = "glfw", "src\glfw.vcxproj", "{F7B53E3D-9545-3AEA-9142-931CC0624BBD}"
	ProjectSection(ProjectDependencies) = postProject
		{5796AF23-FCE8-3D7F-8695-3408C837B5F0} = {5796AF23-FCE8-3D7F-8695-3408C837B5F0}
	EndProjectSection
EndProject
Project("{8BC9CEB8-8B4A-11D0-8D11-00A0C91BC942}") = "glfwinfo", "tests\glfwinfo.vcxproj", "{F5C2D66D-3AA8-3EA4-A7B3-A6FD42A7A297}"
	ProjectSection(ProjectDependencies) = postProject
		{5796AF23-FCE8-3D7F-8695-3408C837B5F0} = {5796AF23-FCE8-3D7F-8695-3408C837B5F0}
		{F7B53E3D-9545-3AEA-9142-931CC0624BBD} = {F7B53E3D-9545-3AEA-9142-931CC0624BBD}
	EndProjectSection
EndProject
Project("{8BC9CEB8-8B4A-11D0-8D11-00A0C91BC942}") = "icon", "tests\icon.vcxproj", "{E62A98FC-9C10-3800-A55A-58513251B1B3}"
	ProjectSection(ProjectDependencies) = postProject
		{5796AF23-FCE8-3D7F-8695-3408C837B5F0} = {5796AF23-FCE8-3D7F-8695-3408C837B5F0}
		{F7B53E3D-9545-3AEA-9142-931CC0624BBD} = {F7B53E3D-9545-3AEA-9142-931CC0624BBD}
	EndProjectSection
EndProject
Project("{8BC9CEB8-8B4A-11D0-8D11-00A0C91BC942}") = "iconify", "tests\iconify.vcxproj", "{9C6733AF-5913-3A33-BCCE-809A34BA0A91}"
	ProjectSection(ProjectDependencies) = postProject
		{5796AF23-FCE8-3D7F-8695-3408C837B5F0} = {5796AF23-FCE8-3D7F-8695-3408C837B5F0}
		{F7B53E3D-9545-3AEA-9142-931CC0624BBD} = {F7B53E3D-9545-3AEA-9142-931CC0624BBD}
	EndProjectSection
EndProject
Project("{8BC9CEB8-8B4A-11D0-8D11-00A0C91BC942}") = "inputlag", "tests\inputlag.vcxproj", "{48B62D05-C01C-3679-A44B-6A8176680710}"
	ProjectSection(ProjectDependencies) = postProject
		{5796AF23-FCE8-3D7F-8695-3408C837B5F0} = {5796AF23-FCE8-3D7F-8695-3408C837B5F0}
		{F7B53E3D-9545-3AEA-9142-931CC0624BBD} = {F7B53E3D-9545-3AEA-9142-931CC0624BBD}
	EndProjectSection
EndProject
Project("{8BC9CEB8-8B4A-11D0-8D11-00A0C91BC942}") = "joysticks", "tests\joysticks.vcxproj", "{B882EF2F-A553-3D33-B0BA-89FA2B372F0C}"
	ProjectSection(ProjectDependencies) = postProject
		{5796AF23-FCE8-3D7F-8695-3408C837B5F0} = {5796AF23-FCE8-3D7F-8695-3408C837B5F0}
		{F7B53E3D-9545-3AEA-9142-931CC0624BBD} = {F7B53E3D-9545-3AEA-9142-931CC0624BBD}
	EndProjectSection
EndProject
Project("{8BC9CEB8-8B4A-11D0-8D11-00A0C91BC942}") = "monitors", "tests\monitors.vcxproj", "{305F15D0-F8FD-37BB-B02D-883476A5DA9C}"
	ProjectSection(ProjectDependencies) = postProject
		{5796AF23-FCE8-3D7F-8695-3408C837B5F0} = {5796AF23-FCE8-3D7F-8695-3408C837B5F0}
		{F7B53E3D-9545-3AEA-9142-931CC0624BBD} = {F7B53E3D-9545-3AEA-9142-931CC0624BBD}
	EndProjectSection
EndProject
Project("{8BC9CEB8-8B4A-11D0-8D11-00A0C91BC942}") = "msaa", "tests\msaa.vcxproj", "{9942EDFC-9554-33BD-8096-FD81E21A367E}"
	ProjectSection(ProjectDependencies) = postProject
		{5796AF23-FCE8-3D7F-8695-3408C837B5F0} = {5796AF23-FCE8-3D7F-8695-3408C837B5F0}
		{F7B53E3D-9545-3AEA-9142-931CC0624BBD} = {F7B53E3D-9545-3AEA-9142-931CC0624BBD}
	EndProjectSection
EndProject
Project("{8BC9CEB8-8B4A-11D0-8D11-00A0C91BC942}") = "opacity", "tests\opacity.vcxproj", "{72DA4113-BEA0-3E79-9AC4-66A6DE76431E}"
	ProjectSection(ProjectDependencies) = postProject
		{5796AF23-FCE8-3D7F-8695-3408C837B5F0} = {5796AF23-FCE8-3D7F-8695-3408C837B5F0}
		{F7B53E3D-9545-3AEA-9142-931CC0624BBD} = {F7B53E3D-9545-3AEA-9142-931CC0624BBD}
	EndProjectSection
EndProject
Project("{8BC9CEB8-8B4A-11D0-8D11-00A0C91BC942}") = "reopen", "tests\reopen.vcxproj", "{D1B0DFA7-D3F8-35B3-890F-014681D0027B}"
	ProjectSection(ProjectDependencies) = postProject
		{5796AF23-FCE8-3D7F-8695-3408C837B5F0} = {5796AF23-FCE8-3D7F-8695-3408C837B5F0}
		{F7B53E3D-9545-3AEA-9142-931CC0624BBD} = {F7B53E3D-9545-3AEA-9142-931CC0624BBD}
	EndProjectSection
EndProject
Project("{8BC9CEB8-8B4A-11D0-8D11-00A0C91BC942}") = "tearing", "tests\tearing.vcxproj", "{E9B062C6-CF9C-371B-918C-FA7B8D91DEB7}"
	ProjectSection(ProjectDependencies) = postProject
		{5796AF23-FCE8-3D7F-8695-3408C837B5F0} = {5796AF23-FCE8-3D7F-8695-3408C837B5F0}
		{F7B53E3D-9545-3AEA-9142-931CC0624BBD} = {F7B53E3D-9545-3AEA-9142-931CC0624BBD}
	EndProjectSection
EndProject
Project("{8BC9CEB8-8B4A-11D0-8D11-00A0C91BC942}") = "threads", "tests\threads.vcxproj", "{E29B9600-02DE-3A28-B4DB-7776D2E507F2}"
	ProjectSection(ProjectDependencies) = postProject
		{5796AF23-FCE8-3D7F-8695-3408C837B5F0} = {5796AF23-FCE8-3D7F-8695-3408C837B5F0}
		{F7B53E3D-9545-3AEA-9142-931CC0624BBD} = {F7B53E3D-9545-3AEA-9142-931CC0624BBD}
	EndProjectSection
EndProject
Project("{8BC9CEB8-8B4A-11D0-8D11-00A0C91BC942}") = "timeout", "tests\timeout.vcxproj", "{265EA4E0-0BA0-3161-8973-2F7F910A9802}"
	ProjectSection(ProjectDependencies) = postProject
		{5796AF23-FCE8-3D7F-8695-3408C837B5F0} = {5796AF23-FCE8-3D7F-8695-3408C837B5F0}
		{F7B53E3D-9545-3AEA-9142-931CC0624BBD} = {F7B53E3D-9545-3AEA-9142-931CC0624BBD}
	EndProjectSection
EndProject
Project("{8BC9CEB8-8B4A-11D0-8D11-00A0C91BC942}") = "title", "tests\title.vcxproj", "{5305C9E4-4911-3188-8691-462688199E34}"
	ProjectSection(ProjectDependencies) = postProject
		{5796AF23-FCE8-3D7F-8695-3408C837B5F0} = {5796AF23-FCE8-3D7F-8695-3408C837B5F0}
		{F7B53E3D-9545-3AEA-9142-931CC0624BBD} = {F7B53E3D-9545-3AEA-9142-931CC0624BBD}
	EndProjectSection
EndProject
Project("{8BC9CEB8-8B4A-11D0-8D11-00A0C91BC942}") = "triangle-vulkan", "tests\triangle-vulkan.vcxproj", "{BDA20AC4-A821-3EAC-B025-B436D4CA3368}"
	ProjectSection(ProjectDependencies) = postProject
		{5796AF23-FCE8-3D7F-8695-3408C837B5F0} = {5796AF23-FCE8-3D7F-8695-3408C837B5F0}
		{F7B53E3D-9545-3AEA-9142-931CC0624BBD} = {F7B53E3D-9545-3AEA-9142-931CC0624BBD}
	EndProjectSection
EndProject
Project("{8BC9CEB8-8B4A-11D0-8D11-00A0C91BC942}") = "uninstall", "uninstall.vcxproj", "{04CE633F-DE3F-34A6-B3E8-9101355D62FF}"
	ProjectSection(ProjectDependencies) = postProject
		{5796AF23-FCE8-3D7F-8695-3408C837B5F0} = {5796AF23-FCE8-3D7F-8695-3408C837B5F0}
	EndProjectSection
EndProject
Project("{8BC9CEB8-8B4A-11D0-8D11-00A0C91BC942}") = "update_mappings", "src\update_mappings.vcxproj", "{658DA10D-D362-3C3A-9C76-EF30A0AECA00}"
	ProjectSection(ProjectDependencies) = postProject
		{5796AF23-FCE8-3D7F-8695-3408C837B5F0} = {5796AF23-FCE8-3D7F-8695-3408C837B5F0}
	EndProjectSection
EndProject
Project("{8BC9CEB8-8B4A-11D0-8D11-00A0C91BC942}") = "windows", "tests\windows.vcxproj", "{19837627-F6F0-3050-ACF9-EC3F623C1837}"
	ProjectSection(ProjectDependencies) = postProject
		{5796AF23-FCE8-3D7F-8695-3408C837B5F0} = {5796AF23-FCE8-3D7F-8695-3408C837B5F0}
		{F7B53E3D-9545-3AEA-9142-931CC0624BBD} = {F7B53E3D-9545-3AEA-9142-931CC0624BBD}
	EndProjectSection
EndProject
Global
	GlobalSection(SolutionConfigurationPlatforms) = preSolution
		Debug|x64 = Debug|x64
		Release|x64 = Release|x64
		MinSizeRel|x64 = MinSizeRel|x64
		RelWithDebInfo|x64 = RelWithDebInfo|x64
	EndGlobalSection
	GlobalSection(ProjectConfigurationPlatforms) = postSolution
		{1B005B38-87B5-316B-99E1-ABC81C819149}.Debug|x64.ActiveCfg = Debug|x64
		{1B005B38-87B5-316B-99E1-ABC81C819149}.Debug|x64.Build.0 = Debug|x64
		{1B005B38-87B5-316B-99E1-ABC81C819149}.Release|x64.ActiveCfg = Release|x64
		{1B005B38-87B5-316B-99E1-ABC81C819149}.Release|x64.Build.0 = Release|x64
		{1B005B38-87B5-316B-99E1-ABC81C819149}.MinSizeRel|x64.ActiveCfg = MinSizeRel|x64
		{1B005B38-87B5-316B-99E1-ABC81C819149}.MinSizeRel|x64.Build.0 = MinSizeRel|x64
		{1B005B38-87B5-316B-99E1-ABC81C819149}.RelWithDebInfo|x64.ActiveCfg = RelWithDebInfo|x64
		{1B005B38-87B5-316B-99E1-ABC81C819149}.RelWithDebInfo|x64.Build.0 = RelWithDebInfo|x64
		{5BB04768-AAA9-3C53-B684-17057EF17DEC}.Debug|x64.ActiveCfg = Debug|x64
		{5BB04768-AAA9-3C53-B684-17057EF17DEC}.Release|x64.ActiveCfg = Release|x64
		{5BB04768-AAA9-3C53-B684-17057EF17DEC}.MinSizeRel|x64.ActiveCfg = MinSizeRel|x64
		{5BB04768-AAA9-3C53-B684-17057EF17DEC}.RelWithDebInfo|x64.ActiveCfg = RelWithDebInfo|x64
		{5796AF23-FCE8-3D7F-8695-3408C837B5F0}.Debug|x64.ActiveCfg = Debug|x64
		{5796AF23-FCE8-3D7F-8695-3408C837B5F0}.Debug|x64.Build.0 = Debug|x64
		{5796AF23-FCE8-3D7F-8695-3408C837B5F0}.Release|x64.ActiveCfg = Release|x64
		{5796AF23-FCE8-3D7F-8695-3408C837B5F0}.Release|x64.Build.0 = Release|x64
		{5796AF23-FCE8-3D7F-8695-3408C837B5F0}.MinSizeRel|x64.ActiveCfg = MinSizeRel|x64
		{5796AF23-FCE8-3D7F-8695-3408C837B5F0}.MinSizeRel|x64.Build.0 = MinSizeRel|x64
		{5796AF23-FCE8-3D7F-8695-3408C837B5F0}.RelWithDebInfo|x64.ActiveCfg = RelWithDebInfo|x64
		{5796AF23-FCE8-3D7F-8695-3408C837B5F0}.RelWithDebInfo|x64.Build.0 = RelWithDebInfo|x64
		{8A09554A-4D30-34E6-BFEF-EAA8C5A2C123}.Debug|x64.ActiveCfg = Debug|x64
		{8A09554A-4D30-34E6-BFEF-EAA8C5A2C123}.Debug|x64.Build.0 = Debug|x64
		{8A09554A-4D30-34E6-BFEF-EAA8C5A2C123}.Release|x64.ActiveCfg = Release|x64
		{8A09554A-4D30-34E6-BFEF-EAA8C5A2C123}.Release|x64.Build.0 = Release|x64
		{8A09554A-4D30-34E6-BFEF-EAA8C5A2C123}.MinSizeRel|x64.ActiveCfg = MinSizeRel|x64
		{8A09554A-4D30-34E6-BFEF-EAA8C5A2C123}.MinSizeRel|x64.Build.0 = MinSizeRel|x64
		{8A09554A-4D30-34E6-BFEF-EAA8C5A2C123}.RelWithDebInfo|x64.ActiveCfg = RelWithDebInfo|x64
		{8A09554A-4D30-34E6-BFEF-EAA8C5A2C123}.RelWithDebInfo|x64.Build.0 = RelWithDebInfo|x64
		{0F3769E4-9267-3648-9CBD-B0503C4CBBB3}.Debug|x64.ActiveCfg = Debug|x64
		{0F3769E4-9267-3648-9CBD-B0503C4CBBB3}.Debug|x64.Build.0 = Debug|x64
		{0F3769E4-9267-3648-9CBD-B0503C4CBBB3}.Release|x64.ActiveCfg = Release|x64
		{0F3769E4-9267-3648-9CBD-B0503C4CBBB3}.Release|x64.Build.0 = Release|x64
		{0F3769E4-9267-3648-9CBD-B0503C4CBBB3}.MinSizeRel|x64.ActiveCfg = MinSizeRel|x64
		{0F3769E4-9267-3648-9CBD-B0503C4CBBB3}.MinSizeRel|x64.Build.0 = MinSizeRel|x64
		{0F3769E4-9267-3648-9CBD-B0503C4CBBB3}.RelWithDebInfo|x64.ActiveCfg = RelWithDebInfo|x64
		{0F3769E4-9267-3648-9CBD-B0503C4CBBB3}.RelWithDebInfo|x64.Build.0 = RelWithDebInfo|x64
		{2201C1CA-60E1-37DE-B181-A522806FC784}.Debug|x64.ActiveCfg = Debug|x64
		{2201C1CA-60E1-37DE-B181-A522806FC784}.Debug|x64.Build.0 = Debug|x64
		{2201C1CA-60E1-37DE-B181-A522806FC784}.Release|x64.ActiveCfg = Release|x64
		{2201C1CA-60E1-37DE-B181-A522806FC784}.Release|x64.Build.0 = Release|x64
		{2201C1CA-60E1-37DE-B181-A522806FC784}.MinSizeRel|x64.ActiveCfg = MinSizeRel|x64
		{2201C1CA-60E1-37DE-B181-A522806FC784}.MinSizeRel|x64.Build.0 = MinSizeRel|x64
		{2201C1CA-60E1-37DE-B181-A522806FC784}.RelWithDebInfo|x64.ActiveCfg = RelWithDebInfo|x64
		{2201C1CA-60E1-37DE-B181-A522806FC784}.RelWithDebInfo|x64.Build.0 = RelWithDebInfo|x64
		{EBA1EFB3-AB7E-36E1-8520-4DF0C7B12980}.Debug|x64.ActiveCfg = Debug|x64
		{EBA1EFB3-AB7E-36E1-8520-4DF0C7B12980}.Debug|x64.Build.0 = Debug|x64
		{EBA1EFB3-AB7E-36E1-8520-4DF0C7B12980}.Release|x64.ActiveCfg = Release|x64
		{EBA1EFB3-AB7E-36E1-8520-4DF0C7B12980}.Release|x64.Build.0 = Release|x64
		{EBA1EFB3-AB7E-36E1-8520-4DF0C7B12980}.MinSizeRel|x64.ActiveCfg = MinSizeRel|x64
		{EBA1EFB3-AB7E-36E1-8520-4DF0C7B12980}.MinSizeRel|x64.Build.0 = MinSizeRel|x64
		{EBA1EFB3-AB7E-36E1-8520-4DF0C7B12980}.RelWithDebInfo|x64.ActiveCfg = RelWithDebInfo|x64
		{EBA1EFB3-AB7E-36E1-8520-4DF0C7B12980}.RelWithDebInfo|x64.Build.0 = RelWithDebInfo|x64
		{3761C85E-0908-30DD-83AF-BEF22679A106}.Debug|x64.ActiveCfg = Debug|x64
		{3761C85E-0908-30DD-83AF-BEF22679A106}.Debug|x64.Build.0 = Debug|x64
		{3761C85E-0908-30DD-83AF-BEF22679A106}.Release|x64.ActiveCfg = Release|x64
		{3761C85E-0908-30DD-83AF-BEF22679A106}.Release|x64.Build.0 = Release|x64
		{3761C85E-0908-30DD-83AF-BEF22679A106}.MinSizeRel|x64.ActiveCfg = MinSizeRel|x64
		{3761C85E-0908-30DD-83AF-BEF22679A106}.MinSizeRel|x64.Build.0 = MinSizeRel|x64
		{3761C85E-0908-30DD-83AF-BEF22679A106}.RelWithDebInfo|x64.ActiveCfg = RelWithDebInfo|x64
		{3761C85E-0908-30DD-83AF-BEF22679A106}.RelWithDebInfo|x64.Build.0 = RelWithDebInfo|x64
		{C434C269-D8AD-3561-A3A7-AC8E168D122E}.Debug|x64.ActiveCfg = Debug|x64
		{C434C269-D8AD-3561-A3A7-AC8E168D122E}.Debug|x64.Build.0 = Debug|x64
		{C434C269-D8AD-3561-A3A7-AC8E168D122E}.Release|x64.ActiveCfg = Release|x64
		{C434C269-D8AD-3561-A3A7-AC8E168D122E}.Release|x64.Build.0 = Release|x64
		{C434C269-D8AD-3561-A3A7-AC8E168D122E}.MinSizeRel|x64.ActiveCfg = MinSizeRel|x64
		{C434C269-D8AD-3561-A3A7-AC8E168D122E}.MinSizeRel|x64.Build.0 = MinSizeRel|x64
		{C434C269-D8AD-3561-A3A7-AC8E168D122E}.RelWithDebInfo|x64.ActiveCfg = RelWithDebInfo|x64
		{C434C269-D8AD-3561-A3A7-AC8E168D122E}.RelWithDebInfo|x64.Build.0 = RelWithDebInfo|x64
		{F7B53E3D-9545-3AEA-9142-931CC0624BBD}.Debug|x64.ActiveCfg = Debug|x64
		{F7B53E3D-9545-3AEA-9142-931CC0624BBD}.Debug|x64.Build.0 = Debug|x64
		{F7B53E3D-9545-3AEA-9142-931CC0624BBD}.Release|x64.ActiveCfg = Release|x64
		{F7B53E3D-9545-3AEA-9142-931CC0624BBD}.Release|x64.Build.0 = Release|x64
		{F7B53E3D-9545-3AEA-9142-931CC0624BBD}.MinSizeRel|x64.ActiveCfg = MinSizeRel|x64
		{F7B53E3D-9545-3AEA-9142-931CC0624BBD}.MinSizeRel|x64.Build.0 = MinSizeRel|x64
		{F7B53E3D-9545-3AEA-9142-931CC0624BBD}.RelWithDebInfo|x64.ActiveCfg = RelWithDebInfo|x64
		{F7B53E3D-9545-3AEA-9142-931CC0624BBD}.RelWithDebInfo|x64.Build.0 = RelWithDebInfo|x64
		{F5C2D66D-3AA8-3EA4-A7B3-A6FD42A7A297}.Debug|x64.ActiveCfg = Debug|x64
		{F5C2D66D-3AA8-3EA4-A7B3-A6FD42A7A297}.Debug|x64.Build.0 = Debug|x64
		{F5C2D66D-3AA8-3EA4-A7B3-A6FD42A7A297}.Release|x64.ActiveCfg = Release|x64
		{F5C2D66D-3AA8-3EA4-A7B3-A6FD42A7A297}.Release|x64.Build.0 = Release|x64
		{F5C2D66D-3AA8-3EA4-A7B3-A6FD42A7A297}.MinSizeRel|x64.ActiveCfg = MinSizeRel|x64
		{F5C2D66D-3AA8-3EA4-A7B3-A6FD42A7A297}.MinSizeRel|x64.Build.0 = MinSizeRel|x64
		{F5C2D66D-3AA8-3EA4-A7B3-A6FD42A7A297}.RelWithDebInfo|x64.ActiveCfg = RelWithDebInfo|x64
		{F5C2D66D-3AA8-3EA4-A7B3-A6FD42A7A297}.RelWithDebInfo|x64.Build.0 = RelWithDebInfo|x64
		{E62A98FC-9C10-3800-A55A-58513251B1B3}.Debug|x64.ActiveCfg = Debug|x64
		{E62A98FC-9C10-3800-A55A-58513251B1B3}.Debug|x64.Build.0 = Debug|x64
		{E62A98FC-9C10-3800-A55A-58513251B1B3}.Release|x64.ActiveCfg = Release|x64
		{E62A98FC-9C10-3800-A55A-58513251B1B3}.Release|x64.Build.0 = Release|x64
		{E62A98FC-9C10-3800-A55A-58513251B1B3}.MinSizeRel|x64.ActiveCfg = MinSizeRel|x64
		{E62A98FC-9C10-3800-A55A-58513251B1B3}.MinSizeRel|x64.Build.0 = MinSizeRel|x64
		{E62A98FC-9C10-3800-A55A-58513251B1B3}.RelWithDebInfo|x64.ActiveCfg = RelWithDebInfo|x64
		{E62A98FC-9C10-3800-A55A-58513251B1B3}.RelWithDebInfo|x64.Build.0 = RelWithDebInfo|x64
		{9C6733AF-5913-3A33-BCCE-809A34BA0A91}.Debug|x64.ActiveCfg = Debug|x64
		{9C6733AF-5913-3A33-BCCE-809A34BA0A91}.Debug|x64.Build.0 = Debug|x64
		{9C6733AF-5913-3A33-BCCE-809A34BA0A91}.Release|x64.ActiveCfg = Release|x64
		{9C6733AF-5913-3A33-BCCE-809A34BA0A91}.Release|x64.Build.0 = Release|x64
		{9C6733AF-5913-3A33-BCCE-809A34BA0A91}.MinSizeRel|x64.ActiveCfg = MinSizeRel|x64
		{9C6733AF-5913-3A33-BCCE-809A34BA0A91}.MinSizeRel|x64.Build.0 = MinSizeRel|x64
		{9C6733AF-5913-3A33-BCCE-809A34BA0A91}.RelWithDebInfo|x64.ActiveCfg = RelWithDebInfo|x64
		{9C6733AF-5913-3A33-BCCE-809A34BA0A91}.RelWithDebInfo|x64.Build.0 = RelWithDebInfo|x64
		{48B62D05-C01C-3679-A44B-6A8176680710}.Debug|x64.ActiveCfg = Debug|x64
		{48B62D05-C01C-3679-A44B-6A8176680710}.Debug|x64.Build.0 = Debug|x64
		{48B62D05-C01C-3679-A44B-6A8176680710}.Release|x64.ActiveCfg = Release|x64
		{48B62D05-C01C-3679-A44B-6A8176680710}.Release|x64.Build.0 = Release|x64
		{48B62D05-C01C-3679-A44B-6A8176680710}.MinSizeRel|x64.ActiveCfg = MinSizeRel|x64
		{48B62D05-C01C-3679-A44B-6A8176680710}.MinSizeRel|x64.Build.0 = MinSizeRel|x64
		{48B62D05-C01C-3679-A44B-6A8176680710}.RelWithDebInfo|x64.ActiveCfg = RelWithDebInfo|x64
		{48B62D05-C01C-3679-A44B-6A8176680710}.RelWithDebInfo|x64.Build.0 = RelWithDebInfo|x64
		{B882EF2F-A553-3D33-B0BA-89FA2B372F0C}.Debug|x64.ActiveCfg = Debug|x64
		{B882EF2F-A553-3D33-B0BA-89FA2B372F0C}.Debug|x64.Build.0 = Debug|x64
		{B882EF2F-A553-3D33-B0BA-89FA2B372F0C}.Release|x64.ActiveCfg = Release|x64
		{B882EF2F-A553-3D33-B0BA-89FA2B372F0C}.Release|x64.Build.0 = Release|x64
		{B882EF2F-A553-3D33-B0BA-89FA2B372F0C}.MinSizeRel|x64.ActiveCfg = MinSizeRel|x64
		{B882EF2F-A553-3D33-B0BA-89FA2B372F0C}.MinSizeRel|x64.Build.0 = MinSizeRel|x64
		{B882EF2F-A553-3D33-B0BA-89FA2B372F0C}.RelWithDebInfo|x64.ActiveCfg = RelWithDebInfo|x64
		{B882EF2F-A553-3D33-B0BA-89FA2B372F0C}.RelWithDebInfo|x64.Build.0 = RelWithDebInfo|x64
		{305F15D0-F8FD-37BB-B02D-883476A5DA9C}.Debug|x64.ActiveCfg = Debug|x64
		{305F15D0-F8FD-37BB-B02D-883476A5DA9C}.Debug|x64.Build.0 = Debug|x64
		{305F15D0-F8FD-37BB-B02D-883476A5DA9C}.Release|x64.ActiveCfg = Release|x64
		{305F15D0-F8FD-37BB-B02D-883476A5DA9C}.Release|x64.Build.0 = Release|x64
		{305F15D0-F8FD-37BB-B02D-883476A5DA9C}.MinSizeRel|x64.ActiveCfg = MinSizeRel|x64
		{305F15D0-F8FD-37BB-B02D-883476A5DA9C}.MinSizeRel|x64.Build.0 = MinSizeRel|x64
		{305F15D0-F8FD-37BB-B02D-883476A5DA9C}.RelWithDebInfo|x64.ActiveCfg = RelWithDebInfo|x64
		{305F15D0-F8FD-37BB-B02D-883476A5DA9C}.RelWithDebInfo|x64.Build.0 = RelWithDebInfo|x64
		{9942EDFC-9554-33BD-8096-FD81E21A367E}.Debug|x64.ActiveCfg = Debug|x64
		{9942EDFC-9554-33BD-8096-FD81E21A367E}.Debug|x64.Build.0 = Debug|x64
		{9942EDFC-9554-33BD-8096-FD81E21A367E}.Release|x64.ActiveCfg = Release|x64
		{9942EDFC-9554-33BD-8096-FD81E21A367E}.Release|x64.Build.0 = Release|x64
		{9942EDFC-9554-33BD-8096-FD81E21A367E}.MinSizeRel|x64.ActiveCfg = MinSizeRel|x64
		{9942EDFC-9554-33BD-8096-FD81E21A367E}.MinSizeRel|x64.Build.0 = MinSizeRel|x64
		{9942EDFC-9554-33BD-8096-FD81E21A367E}.RelWithDebInfo|x64.ActiveCfg = RelWithDebInfo|x64
		{9942EDFC-9554-33BD-8096-FD81E21A367E}.RelWithDebInfo|x64.Build.0 = RelWithDebInfo|x64
		{72DA4113-BEA0-3E79-9AC4-66A6DE76431E}.Debug|x64.ActiveCfg = Debug|x64
		{72DA4113-BEA0-3E79-9AC4-66A6DE76431E}.Debug|x64.Build.0 = Debug|x64
		{72DA4113-BEA0-3E79-9AC4-66A6DE76431E}.Release|x64.ActiveCfg = Release|x64
		{72DA4113-BEA0-3E79-9AC4-66A6DE76431E}.Release|x64.Build.0 = Release|x64
		{72DA4113-BEA0-3E79-9AC4-66A6DE76431E}.MinSizeRel|x64.ActiveCfg = MinSizeRel|x64
		{72DA4113-BEA0-3E79-9AC4-66A6DE76431E}.MinSizeRel|x64.Build.0 = MinSizeRel|x64
		{72DA4113-BEA0-3E79-9AC4-66A6DE76431E}.RelWithDebInfo|x64.ActiveCfg = RelWithDebInfo|x64
		{72DA4113-BEA0-3E79-9AC4-66A6DE76431E}.RelWithDebInfo|x64.Build.0 = RelWithDebInfo|x64
		{D1B0DFA7-D3F8-35B3-890F-014681D0027B}.Debug|x64.ActiveCfg = Debug|x64
		{D1B0DFA7-D3F8-35B3-890F-014681D0027B}.Debug|x64.Build.0 = Debug|x64
		{D1B0DFA7-D3F8-35B3-890F-014681D0027B}.Release|x64.ActiveCfg = Release|x64
		{D1B0DFA7-D3F8-35B3-890F-014681D0027B}.Release|x64.Build.0 = Release|x64
		{D1B0DFA7-D3F8-35B3-890F-014681D0027B}.MinSizeRel|x64.ActiveCfg = MinSizeRel|x64
		{D1B0DFA7-D3F8-35B3-890F-014681D0027B}.MinSizeRel|x64.Build.0 = MinSizeRel|x64
		{D1B0DFA7-D3F8-35B3-890F-014681D0027B}.RelWithDebInfo|x64.ActiveCfg = RelWithDebInfo|x64
		{D1B0DFA7-D3F8-35B3-890F-014681D0027B}.RelWithDebInfo|x64.Build.0 = RelWithDebInfo|x64
		{E9B062C6-CF9C-371B-918C-FA7B8D91DEB7}.Debug|x64.ActiveCfg = Debug|x64
		{E9B062C6-CF9C-371B-918C-FA7B8D91DEB7}.Debug|x64.Build.0 = Debug|x64
		{E9B062C6-CF9C-371B-918C-FA7B8D91DEB7}.Release|x64.ActiveCfg = Release|x64
		{E9B062C6-CF9C-371B-918C-FA7B8D91DEB7}.Release|x64.Build.0 = Release|x64
		{E9B062C6-CF9C-371B-918C-FA7B8D91DEB7}.MinSizeRel|x64.ActiveCfg = MinSizeRel|x64
		{E9B062C6-CF9C-371B-918C-FA7B8D91DEB7}.MinSizeRel|x64.Build.0 = MinSizeRel|x64
		{E9B062C6-CF9C-371B-918C-FA7B8D91DEB7}.RelWithDebInfo|x64.ActiveCfg = RelWithDebInfo|x64
		{E9B062C6-CF9C-371B-918C-FA7B8D91DEB7}.RelWithDebInfo|x64.Build.0 = RelWithDebInfo|x64
		{E29B9600-02DE-3A28-B4DB-7776D2E507F2}.Debug|x64.ActiveCfg = Debug|x64
		{E29B9600-02DE-3A28-B4DB-7776D2E507F2}.Debug|x64.Build.0 = Debug|x64
		{E29B9600-02DE-3A28-B4DB-7776D2E507F2}.Release|x64.ActiveCfg = Release|x64
		{E29B9600-02DE-3A28-B4DB-7776D2E507F2}.Release|x64.Build.0 = Release|x64
		{E29B9600-02DE-3A28-B4DB-7776D2E507F2}.MinSizeRel|x64.ActiveCfg = MinSizeRel|x64
		{E29B9600-02DE-3A28-B4DB-7776D2E507F2}.MinSizeRel|x64.Build.0 = MinSizeRel|x64
		{E29B9600-02DE-3A28-B4DB-7776D2E507F2}.RelWithDebInfo|x64.ActiveCfg = RelWithDebInfo|x64
		{E29B9600-02DE-3A28-B4DB-7776D2E507F2}.RelWithDebInfo|x64.Build.0 = RelWithDebInfo|x64
		{265EA4E0-0BA0-3161-8973-2F7F910A9802}.Debug|x64.ActiveCfg = Debug|x64
		{265EA4E0-0BA0-3161-8973-2F7F910A9802}.Debug|x64.Build.0 = Debug|x64
		{265EA4E0-0BA0-3161-8973-2F7F910A9802}.Release|x64.ActiveCfg = Release|x64
		{265EA4E0-0BA0-3161-8973-2F7F910A9802}.Release|x64.Build.0 = Release|x64
		{265EA4E0-0BA0-3161-8973-2F7F910A9802}.MinSizeRel|x64.ActiveCfg = MinSizeRel|x64
		{265EA4E0-0BA0-3161-8973-2F7F910A9802}.MinSizeRel|x64.Build.0 = MinSizeRel|x64
		{265EA4E0-0BA0-3161-8973-2F7F910A9802}.RelWithDebInfo|x64.ActiveCfg = RelWithDebInfo|x64
		{265EA4E0-0BA0-3161-8973-2F7F910A9802}.RelWithDebInfo|x64.Build.0 = RelWithDebInfo|x64
		{5305C9E4-4911-3188-8691-462688199E34}.Debug|x64.ActiveCfg = Debug|x64
		{5305C9E4-4911-3188-8691-462688199E34}.Debug|x64.Build.0 = Debug|x64
		{5305C9E4-4911-3188-8691-462688199E34}.Release|x64.ActiveCfg = Release|x64
		{5305C9E4-4911-3188-8691-462688199E34}.Release|x64.Build.0 = Release|x64
		{5305C9E4-4911-3188-8691-462688199E34}.MinSizeRel|x64.ActiveCfg = MinSizeRel|x64
		{5305C9E4-4911-3188-8691-462688199E34}.MinSizeRel|x64.Build.0 = MinSizeRel|x64
		{5305C9E4-4911-3188-8691-462688199E34}.RelWithDebInfo|x64.ActiveCfg = RelWithDebInfo|x64
		{5305C9E4-4911-3188-8691-462688199E34}.RelWithDebInfo|x64.Build.0 = RelWithDebInfo|x64
		{BDA20AC4-A821-3EAC-B025-B436D4CA3368}.Debug|x64.ActiveCfg = Debug|x64
		{BDA20AC4-A821-3EAC-B025-B436D4CA3368}.Debug|x64.Build.0 = Debug|x64
		{BDA20AC4-A821-3EAC-B025-B436D4CA3368}.Release|x64.ActiveCfg = Release|x64
		{BDA20AC4-A821-3EAC-B025-B436D4CA3368}.Release|x64.Build.0 = Release|x64
		{BDA20AC4-A821-3EAC-B025-B436D4CA3368}.MinSizeRel|x64.ActiveCfg = MinSizeRel|x64
		{BDA20AC4-A821-3EAC-B025-B436D4CA3368}.MinSizeRel|x64.Build.0 = MinSizeRel|x64
		{BDA20AC4-A821-3EAC-B025-B436D4CA3368}.RelWithDebInfo|x64.ActiveCfg = RelWithDebInfo|x64
		{BDA20AC4-A821-3EAC-B025-B436D4CA3368}.RelWithDebInfo|x64.Build.0 = RelWithDebInfo|x64
		{04CE633F-DE3F-34A6-B3E8-9101355D62FF}.Debug|x64.ActiveCfg = Debug|x64
		{04CE633F-DE3F-34A6-B3E8-9101355D62FF}.Release|x64.ActiveCfg = Release|x64
		{04CE633F-DE3F-34A6-B3E8-9101355D62FF}.MinSizeRel|x64.ActiveCfg = MinSizeRel|x64
		{04CE633F-DE3F-34A6-B3E8-9101355D62FF}.RelWithDebInfo|x64.ActiveCfg = RelWithDebInfo|x64
		{658DA10D-D362-3C3A-9C76-EF30A0AECA00}.Debug|x64.ActiveCfg = Debug|x64
		{658DA10D-D362-3C3A-9C76-EF30A0AECA00}.Release|x64.ActiveCfg = Release|x64
		{658DA10D-D362-3C3A-9C76-EF30A0AECA00}.MinSizeRel|x64.ActiveCfg = MinSizeRel|x64
		{658DA10D-D362-3C3A-9C76-EF30A0AECA00}.RelWithDebInfo|x64.ActiveCfg = RelWithDebInfo|x64
		{19837627-F6F0-3050-ACF9-EC3F623C1837}.Debug|x64.ActiveCfg = Debug|x64
		{19837627-F6F0-3050-ACF9-EC3F623C1837}.Debug|x64.Build.0 = Debug|x64
		{19837627-F6F0-3050-ACF9-EC3F623C1837}.Release|x64.ActiveCfg = Release|x64
		{19837627-F6F0-3050-ACF9-EC3F623C1837}.Release|x64.Build.0 = Release|x64
		{19837627-F6F0-3050-ACF9-EC3F623C1837}.MinSizeRel|x64.ActiveCfg = MinSizeRel|x64
		{19837627-F6F0-3050-ACF9-EC3F623C1837}.MinSizeRel|x64.Build.0 = MinSizeRel|x64
		{19837627-F6F0-3050-ACF9-EC3F623C1837}.RelWithDebInfo|x64.ActiveCfg = RelWithDebInfo|x64
		{19837627-F6F0-3050-ACF9-EC3F623C1837}.RelWithDebInfo|x64.Build.0 = RelWithDebInfo|x64
	EndGlobalSection
	GlobalSection(NestedProjects) = preSolution
		{1B005B38-87B5-316B-99E1-ABC81C819149} = {13AB22D0-10BD-31DF-8641-5A3CF590E073}
		{5BB04768-AAA9-3C53-B684-17057EF17DEC} = {13AB22D0-10BD-31DF-8641-5A3CF590E073}
		{5796AF23-FCE8-3D7F-8695-3408C837B5F0} = {13AB22D0-10BD-31DF-8641-5A3CF590E073}
		{D2086B8C-2F9E-3EA2-8ABE-DAF1127D0DC6} = {F0151B2D-070C-355C-A294-AFE8F3EF00D1}
		{2201C1CA-60E1-37DE-B181-A522806FC784} = {F0151B2D-070C-355C-A294-AFE8F3EF00D1}
		{F7B53E3D-9545-3AEA-9142-931CC0624BBD} = {F0151B2D-070C-355C-A294-AFE8F3EF00D1}
		{04CE633F-DE3F-34A6-B3E8-9101355D62FF} = {F0151B2D-070C-355C-A294-AFE8F3EF00D1}
		{658DA10D-D362-3C3A-9C76-EF30A0AECA00} = {F0151B2D-070C-355C-A294-AFE8F3EF00D1}
		{8A09554A-4D30-34E6-BFEF-EAA8C5A2C123} = {D2086B8C-2F9E-3EA2-8ABE-DAF1127D0DC6}
		{0F3769E4-9267-3648-9CBD-B0503C4CBBB3} = {D2086B8C-2F9E-3EA2-8ABE-DAF1127D0DC6}
		{EBA1EFB3-AB7E-36E1-8520-4DF0C7B12980} = {D2086B8C-2F9E-3EA2-8ABE-DAF1127D0DC6}
		{3761C85E-0908-30DD-83AF-BEF22679A106} = {D2086B8C-2F9E-3EA2-8ABE-DAF1127D0DC6}
		{C434C269-D8AD-3561-A3A7-AC8E168D122E} = {D2086B8C-2F9E-3EA2-8ABE-DAF1127D0DC6}
		{F5C2D66D-3AA8-3EA4-A7B3-A6FD42A7A297} = {D2086B8C-2F9E-3EA2-8ABE-DAF1127D0DC6}
		{E62A98FC-9C10-3800-A55A-58513251B1B3} = {D2086B8C-2F9E-3EA2-8ABE-DAF1127D0DC6}
		{9C6733AF-5913-3A33-BCCE-809A34BA0A91} = {D2086B8C-2F9E-3EA2-8ABE-DAF1127D0DC6}
		{48B62D05-C01C-3679-A44B-6A8176680710} = {D2086B8C-2F9E-3EA2-8ABE-DAF1127D0DC6}
		{B882EF2F-A553-3D33-B0BA-89FA2B372F0C} = {D2086B8C-2F9E-3EA2-8ABE-DAF1127D0DC6}
		{305F15D0-F8FD-37BB-B02D-883476A5DA9C} = {D2086B8C-2F9E-3EA2-8ABE-DAF1127D0DC6}
		{9942EDFC-9554-33BD-8096-FD81E21A367E} = {D2086B8C-2F9E-3EA2-8ABE-DAF1127D0DC6}
		{72DA4113-BEA0-3E79-9AC4-66A6DE76431E} = {D2086B8C-2F9E-3EA2-8ABE-DAF1127D0DC6}
		{D1B0DFA7-D3F8-35B3-890F-014681D0027B} = {D2086B8C-2F9E-3EA2-8ABE-DAF1127D0DC6}
		{E9B062C6-CF9C-371B-918C-FA7B8D91DEB7} = {D2086B8C-2F9E-3EA2-8ABE-DAF1127D0DC6}
		{E29B9600-02DE-3A28-B4DB-7776D2E507F2} = {D2086B8C-2F9E-3EA2-8ABE-DAF1127D0DC6}
		{265EA4E0-0BA0-3161-8973-2F7F910A9802} = {D2086B8C-2F9E-3EA2-8ABE-DAF1127D0DC6}
		{5305C9E4-4911-3188-8691-462688199E34} = {D2086B8C-2F9E-3EA2-8ABE-DAF1127D0DC6}
		{BDA20AC4-A821-3EAC-B025-B436D4CA3368} = {D2086B8C-2F9E-3EA2-8ABE-DAF1127D0DC6}
		{19837627-F6F0-3050-ACF9-EC3F623C1837} = {D2086B8C-2F9E-3EA2-8ABE-DAF1127D0DC6}
	EndGlobalSection
	GlobalSection(ExtensibilityGlobals) = postSolution
		SolutionGuid = {434E53E3-1A68-3544-96E7-8AB485E99EAC}
	EndGlobalSection
	GlobalSection(ExtensibilityAddIns) = postSolution
	EndGlobalSection
EndGlobal
